{
  "name": "markmuse-wechat-test",
  "version": "1.0.0",
  "lockfileVersion": 3,
  "requires": true,
  "packages": {
    "": {
      "name": "markmuse-wechat-test",
      "version": "1.0.0",
      "dependencies": {
        "markmuse-wechat": "^1.0.0"
      }
    },
    "node_modules/ansi-colors": {
      "version": "4.1.3",
      "resolved": "https://registry.npmmirror.com/ansi-colors/-/ansi-colors-4.1.3.tgz",
      "integrity": "sha512-/6w/C21Pm1A7aZitlI5Ni/2J6FFQN8i1Cvz3kHABAAbw93v/NlvKdVOqz7CCWz/3iv/JplRSEEZ83XION15ovw==",
      "license": "MIT",
      "engines": {
        "node": ">=6"
      }
    },
    "node_modules/argparse": {
      "version": "2.0.1",
      "resolved": "https://registry.npmmirror.com/argparse/-/argparse-2.0.1.tgz",
      "integrity": "sha512-8+9WqebbFzpX9OR+Wa6O29asIogeRMzcGtAINdpMHHyAg10f05aSFVBbcEqGf/PXw1EjAZ+q2/bEBg3DvurK3Q==",
      "license": "Python-2.0"
    },
    "node_modules/boolbase": {
      "version": "1.0.0",
      "resolved": "https://registry.npmmirror.com/boolbase/-/boolbase-1.0.0.tgz",
      "integrity": "sha512-JZOSA7Mo9sNGB8+UjSgzdLtokWAky1zbztM3WRLCbZ70/3cTANmQmOdR7y2g+J0e2WXywy1yS468tY+IruqEww==",
      "license": "ISC"
    },
    "node_modules/cheerio": {
      "version": "1.0.0",
      "resolved": "https://registry.npmmirror.com/cheerio/-/cheerio-1.0.0.tgz",
      "integrity": "sha512-quS9HgjQpdaXOvsZz82Oz7uxtXiy6UIsIQcpBj7HRw2M63Skasm9qlDocAM7jNuaxdhpPU7c4kJN+gA5MCu4ww==",
      "license": "MIT",
      "dependencies": {
        "cheerio-select": "^2.1.0",
        "dom-serializer": "^2.0.0",
        "domhandler": "^5.0.3",
        "domutils": "^3.1.0",
        "encoding-sniffer": "^0.2.0",
        "htmlparser2": "^9.1.0",
        "parse5": "^7.1.2",
        "parse5-htmlparser2-tree-adapter": "^7.0.0",
        "parse5-parser-stream": "^7.1.2",
        "undici": "^6.19.5",
        "whatwg-mimetype": "^4.0.0"
      },
      "engines": {
        "node": ">=18.17"
      },
      "funding": {
        "url": "https://github.com/cheeriojs/cheerio?sponsor=1"
      }
    },
    "node_modules/cheerio-select": {
      "version": "2.1.0",
      "resolved": "https://registry.npmmirror.com/cheerio-select/-/cheerio-select-2.1.0.tgz",
      "integrity": "sha512-9v9kG0LvzrlcungtnJtpGNxY+fzECQKhK4EGJX2vByejiMX84MFNQw4UxPJl3bFbTMw+Dfs37XaIkCwTZfLh4g==",
      "license": "BSD-2-Clause",
      "dependencies": {
        "boolbase": "^1.0.0",
        "css-select": "^5.1.0",
        "css-what": "^6.1.0",
        "domelementtype": "^2.3.0",
        "domhandler": "^5.0.3",
        "domutils": "^3.0.1"
      },
      "funding": {
        "url": "https://github.com/sponsors/fb55"
      }
    },
    "node_modules/commander": {
      "version": "12.1.0",
      "resolved": "https://registry.npmmirror.com/commander/-/commander-12.1.0.tgz",
      "integrity": "sha512-Vw8qHK3bZM9y/P10u3Vib8o/DdkvA2OtPtZvD871QKjy74Wj1WSKFILMPRPSdUSx5RFK1arlJzEtA4PkFgnbuA==",
      "license": "MIT",
      "engines": {
        "node": ">=18"
      }
    },
    "node_modules/css-select": {
      "version": "5.2.2",
      "resolved": "https://registry.npmmirror.com/css-select/-/css-select-5.2.2.tgz",
      "integrity": "sha512-TizTzUddG/xYLA3NXodFM0fSbNizXjOKhqiQQwvhlspadZokn1KDy0NZFS0wuEubIYAV5/c1/lAr0TaaFXEXzw==",
      "license": "BSD-2-Clause",
      "dependencies": {
        "boolbase": "^1.0.0",
        "css-what": "^6.1.0",
        "domhandler": "^5.0.2",
        "domutils": "^3.0.1",
        "nth-check": "^2.0.1"
      },
      "funding": {
        "url": "https://github.com/sponsors/fb55"
      }
    },
    "node_modules/css-what": {
      "version": "6.2.2",
      "resolved": "https://registry.npmmirror.com/css-what/-/css-what-6.2.2.tgz",
      "integrity": "sha512-u/O3vwbptzhMs3L1fQE82ZSLHQQfto5gyZzwteVIEyeaY5Fc7R4dapF/BvRoSYFeqfBk4m0V1Vafq5Pjv25wvA==",
      "license": "BSD-2-Clause",
      "engines": {
        "node": ">= 6"
      },
      "funding": {
        "url": "https://github.com/sponsors/fb55"
      }
    },
    "node_modules/dom-serializer": {
      "version": "2.0.0",
      "resolved": "https://registry.npmmirror.com/dom-serializer/-/dom-serializer-2.0.0.tgz",
      "integrity": "sha512-wIkAryiqt/nV5EQKqQpo3SToSOV9J0DnbJqwK7Wv/Trc92zIAYZ4FlMu+JPFW1DfGFt81ZTCGgDEabffXeLyJg==",
      "license": "MIT",
      "dependencies": {
        "domelementtype": "^2.3.0",
        "domhandler": "^5.0.2",
        "entities": "^4.2.0"
      },
      "funding": {
        "url": "https://github.com/cheeriojs/dom-serializer?sponsor=1"
      }
    },
    "node_modules/dom-serializer/node_modules/entities": {
      "version": "4.5.0",
      "resolved": "https://registry.npmmirror.com/entities/-/entities-4.5.0.tgz",
      "integrity": "sha512-V0hjH4dGPh9Ao5p0MoRY6BVqtwCjhz6vI5LT8AJ55H+4g9/4vbHx1I54fS0XuclLhDHArPQCiMjDxjaL8fPxhw==",
      "license": "BSD-2-Clause",
      "engines": {
        "node": ">=0.12"
      },
      "funding": {
        "url": "https://github.com/fb55/entities?sponsor=1"
      }
    },
    "node_modules/domelementtype": {
      "version": "2.3.0",
      "resolved": "https://registry.npmmirror.com/domelementtype/-/domelementtype-2.3.0.tgz",
      "integrity": "sha512-OLETBj6w0OsagBwdXnPdN0cnMfF9opN69co+7ZrbfPGrdpPVNBUj02spi6B1N7wChLQiPn4CSH/zJvXw56gmHw==",
      "funding": [
        {
          "type": "github",
          "url": "https://github.com/sponsors/fb55"
        }
      ],
      "license": "BSD-2-Clause"
    },
    "node_modules/domhandler": {
      "version": "5.0.3",
      "resolved": "https://registry.npmmirror.com/domhandler/-/domhandler-5.0.3.tgz",
      "integrity": "sha512-cgwlv/1iFQiFnU96XXgROh8xTeetsnJiDsTc7TYCLFd9+/WNkIqPTxiM/8pSd8VIrhXGTf1Ny1q1hquVqDJB5w==",
      "license": "BSD-2-Clause",
      "dependencies": {
        "domelementtype": "^2.3.0"
      },
      "engines": {
        "node": ">= 4"
      },
      "funding": {
        "url": "https://github.com/fb55/domhandler?sponsor=1"
      }
    },
    "node_modules/domutils": {
      "version": "3.2.2",
      "resolved": "https://registry.npmmirror.com/domutils/-/domutils-3.2.2.tgz",
      "integrity": "sha512-6kZKyUajlDuqlHKVX1w7gyslj9MPIXzIFiz/rGu35uC1wMi+kMhQwGhl4lt9unC9Vb9INnY9Z3/ZA3+FhASLaw==",
      "license": "BSD-2-Clause",
      "dependencies": {
        "dom-serializer": "^2.0.0",
        "domelementtype": "^2.3.0",
        "domhandler": "^5.0.3"
      },
      "funding": {
        "url": "https://github.com/fb55/domutils?sponsor=1"
      }
    },
    "node_modules/encoding-sniffer": {
      "version": "0.2.1",
      "resolved": "https://registry.npmmirror.com/encoding-sniffer/-/encoding-sniffer-0.2.1.tgz",
      "integrity": "sha512-5gvq20T6vfpekVtqrYQsSCFZ1wEg5+wW0/QaZMWkFr6BqD3NfKs0rLCx4rrVlSWJeZb5NBJgVLswK/w2MWU+Gw==",
      "license": "MIT",
      "dependencies": {
        "iconv-lite": "^0.6.3",
        "whatwg-encoding": "^3.1.1"
      },
      "funding": {
        "url": "https://github.com/fb55/encoding-sniffer?sponsor=1"
      }
    },
    "node_modules/entities": {
      "version": "7.0.1",
      "resolved": "https://registry.npmmirror.com/entities/-/entities-7.0.1.tgz",
      "integrity": "sha512-TWrgLOFUQTH994YUyl1yT4uyavY5nNB5muff+RtWaqNVCAK408b5ZnnbNAUEWLTCpum9w6arT70i1XdQ4UeOPA==",
      "license": "BSD-2-Clause",
      "engines": {
        "node": ">=0.12"
      },
      "funding": {
        "url": "https://github.com/fb55/entities?sponsor=1"
      }
    },
    "node_modules/escape-goat": {
      "version": "3.0.0",
      "resolved": "https://registry.npmmirror.com/escape-goat/-/escape-goat-3.0.0.tgz",
      "integrity": "sha512-w3PwNZJwRxlp47QGzhuEBldEqVHHhh8/tIPcl6ecf2Bou99cdAt0knihBV0Ecc7CGxYduXVBDheH1K2oADRlvw==",
      "license": "MIT",
      "engines": {
        "node": ">=10"
      },
      "funding": {
        "url": "https://github.com/sponsors/sindresorhus"
      }
    },
    "node_modules/fsevents": {
      "version": "2.3.2",
      "resolved": "https://registry.npmmirror.com/fsevents/-/fsevents-2.3.2.tgz",
      "integrity": "sha512-xiqMQR4xAeHTuB9uWm+fFRcIOgKBMiOBP+eXiyT7jsgVCq1bkVygt00oASowB7EdtpOHaaPgKt812P9ab+DDKA==",
      "hasInstallScript": true,
      "license": "MIT",
      "optional": true,
      "os": [
        "darwin"
      ],
      "engines": {
        "node": "^8.16.0 || ^10.6.0 || >=11.0.0"
      }
    },
    "node_modules/highlight.js": {
      "version": "11.11.1",
      "resolved": "https://registry.npmmirror.com/highlight.js/-/highlight.js-11.11.1.tgz",
      "integrity": "sha512-Xwwo44whKBVCYoliBQwaPvtd/2tYFkRQtXDWj1nackaV2JPXx3L0+Jvd8/qCJ2p+ML0/XVkJ2q+Mr+UVdpJK5w==",
      "license": "BSD-3-Clause",
      "engines": {
        "node": ">=12.0.0"
      }
    },
    "node_modules/htmlparser2": {
      "version": "9.1.0",
      "resolved": "https://registry.npmmirror.com/htmlparser2/-/htmlparser2-9.1.0.tgz",
      "integrity": "sha512-5zfg6mHUoaer/97TxnGpxmbR7zJtPwIYFMZ/H5ucTlPZhKvtum05yiPK3Mgai3a0DyVxv7qYqoweaEd2nrYQzQ==",
      "funding": [
        "https://github.com/fb55/htmlparser2?sponsor=1",
        {
          "type": "github",
          "url": "https://github.com/sponsors/fb55"
        }
      ],
      "license": "MIT",
      "dependencies": {
        "domelementtype": "^2.3.0",
        "domhandler": "^5.0.3",
        "domutils": "^3.1.0",
        "entities": "^4.5.0"
      }
    },
    "node_modules/htmlparser2/node_modules/entities": {
      "version": "4.5.0",
      "resolved": "https://registry.npmmirror.com/entities/-/entities-4.5.0.tgz",
      "integrity": "sha512-V0hjH4dGPh9Ao5p0MoRY6BVqtwCjhz6vI5LT8AJ55H+4g9/4vbHx1I54fS0XuclLhDHArPQCiMjDxjaL8fPxhw==",
      "license": "BSD-2-Clause",
      "engines": {
        "node": ">=0.12"
      },
      "funding": {
        "url": "https://github.com/fb55/entities?sponsor=1"
      }
    },
    "node_modules/iconv-lite": {
      "version": "0.6.3",
      "resolved": "https://registry.npmmirror.com/iconv-lite/-/iconv-lite-0.6.3.tgz",
      "integrity": "sha512-4fCk79wshMdzMp2rH06qWrJE4iolqLhCUH+OiuIgU++RB0+94NlDL81atO7GX55uUKueo0txHNtvEyI6D7WdMw==",
      "license": "MIT",
      "dependencies": {
        "safer-buffer": ">= 2.1.2 < 3.0.0"
      },
      "engines": {
        "node": ">=0.10.0"
      }
    },
    "node_modules/juice": {
      "version": "11.1.0",
      "resolved": "https://registry.npmmirror.com/juice/-/juice-11.1.0.tgz",
      "integrity": "sha512-jZj/pUGFddSU7HS6ThAdiQ21IILIM23JNdFNgTacwxFUMTw/6qvMv3suv/I66Bz2xZ6yC3Vl8fWl0At/wVcH3A==",
      "license": "MIT",
      "dependencies": {
        "cheerio": "1.0.0",
        "commander": "^12.1.0",
        "entities": "^7.0.0",
        "mensch": "^0.3.4",
        "slick": "^1.12.2",
        "web-resource-inliner": "^8.0.0"
      },
      "bin": {
        "juice": "bin/juice"
      },
      "engines": {
        "node": ">=18.17"
      }
    },
    "node_modules/katex": {
      "version": "0.16.28",
      "resolved": "https://registry.npmmirror.com/katex/-/katex-0.16.28.tgz",
      "integrity": "sha512-YHzO7721WbmAL6Ov1uzN/l5mY5WWWhJBSW+jq4tkfZfsxmo1hu6frS0EOswvjBUnWE6NtjEs48SFn5CQESRLZg==",
      "funding": [
        "https://opencollective.com/katex",
        "https://github.com/sponsors/katex"
      ],
      "license": "MIT",
      "dependencies": {
        "commander": "^8.3.0"
      },
      "bin": {
        "katex": "cli.js"
      }
    },
    "node_modules/katex/node_modules/commander": {
      "version": "8.3.0",
      "resolved": "https://registry.npmmirror.com/commander/-/commander-8.3.0.tgz",
      "integrity": "sha512-OkTL9umf+He2DZkUq8f8J9of7yL6RJKI24dVITBmNfZBmri9zYZQrKkuXiKhyfPSu8tUhnVBB1iKXevvnlR4Ww==",
      "license": "MIT",
      "engines": {
        "node": ">= 12"
      }
    },
    "node_modules/linkify-it": {
      "version": "5.0.0",
      "resolved": "https://registry.npmmirror.com/linkify-it/-/linkify-it-5.0.0.tgz",
      "integrity": "sha512-5aHCbzQRADcdP+ATqnDuhhJ/MRIqDkZX5pyjFHRRysS8vZ5AbqGEoFIb6pYHPZ+L/OC2Lc+xT8uHVVR5CAK/wQ==",
      "license": "MIT",
      "dependencies": {
        "uc.micro": "^2.0.0"
      }
    },
    "node_modules/markdown-it": {
      "version": "14.1.0",
      "resolved": "https://registry.npmmirror.com/markdown-it/-/markdown-it-14.1.0.tgz",
      "integrity": "sha512-a54IwgWPaeBCAAsv13YgmALOF1elABB08FxO9i+r4VFk5Vl4pKokRPeX8u5TCgSsPi6ec1otfLjdOpVcgbpshg==",
      "license": "MIT",
      "dependencies": {
        "argparse": "^2.0.1",
        "entities": "^4.4.0",
        "linkify-it": "^5.0.0",
        "mdurl": "^2.0.0",
        "punycode.js": "^2.3.1",
        "uc.micro": "^2.1.0"
      },
      "bin": {
        "markdown-it": "bin/markdown-it.mjs"
      }
    },
    "node_modules/markdown-it/node_modules/entities": {
      "version": "4.5.0",
      "resolved": "https://registry.npmmirror.com/entities/-/entities-4.5.0.tgz",
      "integrity": "sha512-V0hjH4dGPh9Ao5p0MoRY6BVqtwCjhz6vI5LT8AJ55H+4g9/4vbHx1I54fS0XuclLhDHArPQCiMjDxjaL8fPxhw==",
      "license": "BSD-2-Clause",
      "engines": {
        "node": ">=0.12"
      },
      "funding": {
        "url": "https://github.com/fb55/entities?sponsor=1"
      }
    },
    "node_modules/markmuse-wechat": {
      "version": "1.0.0",
      "resolved": "https://registry.npmmirror.com/markmuse-wechat/-/markmuse-wechat-1.0.0.tgz",
      "integrity": "sha512-u8o7Xq2NYlm4UM9lL91Em1Vs4MHWLHhAiEcXGYVATkZv7jjXNk/RrEdaNFogKL8Z/j0w0AZ1YOM1FNNdtycnFQ==",
      "license": "MIT",
      "dependencies": {
        "highlight.js": "^11.11.1",
        "juice": "^11.0.3",
        "katex": "^0.16.27",
        "markdown-it": "^14.1.0",
        "playwright": "^1.40.0"
      },
      "peerDependencies": {
        "mathjax": "^3.0.0"
      }
    },
    "node_modules/mathjax": {
      "version": "3.2.2",
      "resolved": "https://registry.npmmirror.com/mathjax/-/mathjax-3.2.2.tgz",
      "integrity": "sha512-Bt+SSVU8eBG27zChVewOicYs7Xsdt40qm4+UpHyX7k0/O9NliPc+x77k1/FEsPsjKPZGJvtRZM1vO+geW0OhGw==",
      "license": "Apache-2.0",
      "peer": true
    },
    "node_modules/mdurl": {
      "version": "2.0.0",
      "resolved": "https://registry.npmmirror.com/mdurl/-/mdurl-2.0.0.tgz",
      "integrity": "sha512-Lf+9+2r+Tdp5wXDXC4PcIBjTDtq4UKjCPMQhKIuzpJNW0b96kVqSwW0bT7FhRSfmAiFYgP+SCRvdrDozfh0U5w==",
      "license": "MIT"
    },
    "node_modules/mensch": {
      "version": "0.3.4",
      "resolved": "https://registry.npmmirror.com/mensch/-/mensch-0.3.4.tgz",
      "integrity": "sha512-IAeFvcOnV9V0Yk+bFhYR07O3yNina9ANIN5MoXBKYJ/RLYPurd2d0yw14MDhpr9/momp0WofT1bPUh3hkzdi/g==",
      "license": "MIT"
    },
    "node_modules/mime": {
      "version": "2.6.0",
      "resolved": "https://registry.npmmirror.com/mime/-/mime-2.6.0.tgz",
      "integrity": "sha512-USPkMeET31rOMiarsBNIHZKLGgvKc/LrjofAnBlOttf5ajRvqiRA8QsenbcooctK6d6Ts6aqZXBA+XbkKthiQg==",
      "license": "MIT",
      "bin": {
        "mime": "cli.js"
      },
      "engines": {
        "node": ">=4.0.0"
      }
    },
    "node_modules/nth-check": {
      "version": "2.1.1",
      "resolved": "https://registry.npmmirror.com/nth-check/-/nth-check-2.1.1.tgz",
      "integrity": "sha512-lqjrjmaOoAnWfMmBPL+XNnynZh2+swxiX3WUE0s4yEHI6m+AwrK2UZOimIRl3X/4QctVqS8AiZjFqyOGrMXb/w==",
      "license": "BSD-2-Clause",
      "dependencies": {
        "boolbase": "^1.0.0"
      },
      "funding": {
        "url": "https://github.com/fb55/nth-check?sponsor=1"
      }
    },
    "node_modules/parse5": {
      "version": "7.3.0",
      "resolved": "https://registry.npmmirror.com/parse5/-/parse5-7.3.0.tgz",
      "integrity": "sha512-IInvU7fabl34qmi9gY8XOVxhYyMyuH2xUNpb2q8/Y+7552KlejkRvqvD19nMoUW/uQGGbqNpA6Tufu5FL5BZgw==",
      "license": "MIT",
      "dependencies": {
        "entities": "^6.0.0"
      },
      "funding": {
        "url": "https://github.com/inikulin/parse5?sponsor=1"
      }
    },
    "node_modules/parse5-htmlparser2-tree-adapter": {
      "version": "7.1.0",
      "resolved": "https://registry.npmmirror.com/parse5-htmlparser2-tree-adapter/-/parse5-htmlparser2-tree-adapter-7.1.0.tgz",
      "integrity": "sha512-ruw5xyKs6lrpo9x9rCZqZZnIUntICjQAd0Wsmp396Ul9lN/h+ifgVV1x1gZHi8euej6wTfpqX8j+BFQxF0NS/g==",
      "license": "MIT",
      "dependencies": {
        "domhandler": "^5.0.3",
        "parse5": "^7.0.0"
      },
      "funding": {
        "url": "https://github.com/inikulin/parse5?sponsor=1"
      }
    },
    "node_modules/parse5-parser-stream": {
      "version": "7.1.2",
      "resolved": "https://registry.npmmirror.com/parse5-parser-stream/-/parse5-parser-stream-7.1.2.tgz",
      "integrity": "sha512-JyeQc9iwFLn5TbvvqACIF/VXG6abODeB3Fwmv/TGdLk2LfbWkaySGY72at4+Ty7EkPZj854u4CrICqNk2qIbow==",
      "license": "MIT",
      "dependencies": {
        "parse5": "^7.0.0"
      },
      "funding": {
        "url": "https://github.com/inikulin/parse5?sponsor=1"
      }
    },
    "node_modules/parse5/node_modules/entities": {
      "version": "6.0.1",
      "resolved": "https://registry.npmmirror.com/entities/-/entities-6.0.1.tgz",
      "integrity": "sha512-aN97NXWF6AWBTahfVOIrB/NShkzi5H7F9r1s9mD3cDj4Ko5f2qhhVoYMibXF7GlLveb/D2ioWay8lxI97Ven3g==",
      "license": "BSD-2-Clause",
      "engines": {
        "node": ">=0.12"
      },
      "funding": {
        "url": "https://github.com/fb55/entities?sponsor=1"
      }
    },
    "node_modules/playwright": {
      "version": "1.58.1",
      "resolved": "https://registry.npmmirror.com/playwright/-/playwright-1.58.1.tgz",
      "integrity": "sha512-+2uTZHxSCcxjvGc5C891LrS1/NlxglGxzrC4seZiVjcYVQfUa87wBL6rTDqzGjuoWNjnBzRqKmF6zRYGMvQUaQ==",
      "license": "Apache-2.0",
      "dependencies": {
        "playwright-core": "1.58.1"
      },
      "bin": {
        "playwright": "cli.js"
      },
      "engines": {
        "node": ">=18"
      },
      "optionalDependencies": {
        "fsevents": "2.3.2"
      }
    },
    "node_modules/playwright-core": {
      "version": "1.58.1",
      "resolved": "https://registry.npmmirror.com/playwright-core/-/playwright-core-1.58.1.tgz",
      "integrity": "sha512-bcWzOaTxcW+VOOGBCQgnaKToLJ65d6AqfLVKEWvexyS3AS6rbXl+xdpYRMGSRBClPvyj44njOWoxjNdL/H9UNg==",
      "license": "Apache-2.0",
      "bin": {
        "playwright-core": "cli.js"
      },
      "engines": {
        "node": ">=18"
      }
    },
    "node_modules/punycode.js": {
      "version": "2.3.1",
      "resolved": "https://registry.npmmirror.com/punycode.js/-/punycode.js-2.3.1.tgz",
      "integrity": "sha512-uxFIHU0YlHYhDQtV4R9J6a52SLx28BCjT+4ieh7IGbgwVJWO+km431c4yRlREUAsAmt/uMjQUyQHNEPf0M39CA==",
      "license": "MIT",
      "engines": {
        "node": ">=6"
      }
    },
    "node_modules/safer-buffer": {
      "version": "2.1.2",
      "resolved": "https://registry.npmmirror.com/safer-buffer/-/safer-buffer-2.1.2.tgz",
      "integrity": "sha512-YZo3K82SD7Riyi0E1EQPojLz7kpepnSQI9IyPbHHg1XXXevb5dJI7tpyN2ADxGcQbHG7vcyRHk0cbwqcQriUtg==",
      "license": "MIT"
    },
    "node_modules/slick": {
      "version": "1.12.2",
      "resolved": "https://registry.npmmirror.com/slick/-/slick-1.12.2.tgz",
      "integrity": "sha512-4qdtOGcBjral6YIBCWJ0ljFSKNLz9KkhbWtuGvUyRowl1kxfuE1x/Z/aJcaiilpb3do9bl5K7/1h9XC5wWpY/A==",
      "license": "MIT (http://mootools.net/license.txt)",
      "engines": {
        "node": "*"
      }
    },
    "node_modules/uc.micro": {
      "version": "2.1.0",
      "resolved": "https://registry.npmmirror.com/uc.micro/-/uc.micro-2.1.0.tgz",
      "integrity": "sha512-ARDJmphmdvUk6Glw7y9DQ2bFkKBHwQHLi2lsaH6PPmz/Ka9sFOBsBluozhDltWmnv9u/cF6Rt87znRTPV+yp/A==",
      "license": "MIT"
    },
    "node_modules/undici": {
      "version": "6.23.0",
      "resolved": "https://registry.npmmirror.com/undici/-/undici-6.23.0.tgz",
      "integrity": "sha512-VfQPToRA5FZs/qJxLIinmU59u0r7LXqoJkCzinq3ckNJp3vKEh7jTWN589YQ5+aoAC/TGRLyJLCPKcLQbM8r9g==",
      "license": "MIT",
      "engines": {
        "node": ">=18.17"
      }
    },
    "node_modules/valid-data-url": {
      "version": "3.0.1",
      "resolved": "https://registry.npmmirror.com/valid-data-url/-/valid-data-url-3.0.1.tgz",
      "integrity": "sha512-jOWVmzVceKlVVdwjNSenT4PbGghU0SBIizAev8ofZVgivk/TVHXSbNL8LP6M3spZvkR9/QolkyJavGSX5Cs0UA==",
      "license": "MIT",
      "engines": {
        "node": ">=10"
      }
    },
    "node_modules/web-resource-inliner": {
      "version": "8.0.0",
      "resolved": "https://registry.npmmirror.com/web-resource-inliner/-/web-resource-inliner-8.0.0.tgz",
      "integrity": "sha512-Ezr98sqXW/+OCGoUEXuOKVR+oVFlSdn1tIySEEJdiSAw4IjrW8hQkwARSSBJTSB5Us5dnytDgL0ZDliAYBhaNA==",
      "license": "MIT",
      "dependencies": {
        "ansi-colors": "^4.1.1",
        "escape-goat": "^3.0.0",
        "htmlparser2": "^9.1.0",
        "mime": "^2.4.6",
        "valid-data-url": "^3.0.0"
      },
      "engines": {
        "node": ">=10.0.0"
      }
    },
    "node_modules/whatwg-encoding": {
      "version": "3.1.1",
      "resolved": "https://registry.npmmirror.com/whatwg-encoding/-/whatwg-encoding-3.1.1.tgz",
      "integrity": "sha512-6qN4hJdMwfYBtE3YBTTHhoeuUrDBPZmbQaxWAqSALV/MeEnR5z1xd8UKud2RAkFoPkmB+hli1TZSnyi84xz1vQ==",
      "license": "MIT",
      "dependencies": {
        "iconv-lite": "0.6.3"
      },
      "engines": {
        "node": ">=18"
      }
    },
    "node_modules/whatwg-mimetype": {
      "version": "4.0.0",
      "resolved": "https://registry.npmmirror.com/whatwg-mimetype/-/whatwg-mimetype-4.0.0.tgz",
      "integrity": "sha512-QaKxh0eNIi2mE9p2vEdzfagOKHCcj1pJ56EEHGQOVxp8r9/iszLUUV7v89x9O1p/T+NlTM5W7jW6+cz4Fq1YVg==",
      "license": "MIT",
      "engines": {
        "node": ">=18"
      }
    }
  }
}
